
Microsoft Visual Studio Solution File, Format Version 12.00
# Visual Studio Version 17
VisualStudioVersion = 17.4.33122.133
MinimumVisualStudioVersion = 10.0.40219.1
Project("{9A19103F-16F7-4668-BE54-9A1E7A4F7556}") = "Bitwarden.AutoType.Desktop", "Bitwarden.AutoType\Bitwarden.AutoType.Desktop\Bitwarden.AutoType.Desktop.csproj", "{5893ECAF-D377-465F-94D0-B6C006264AB0}"
EndProject
Project("{2150E333-8FDC-42A3-9474-1A3956D46DE8}") = "Bitwarden.AutoType", "Bitwarden.AutoType", "{630CFB41-7629-42E9-A61A-D6F7BDBF4890}"
EndProject
Project("{2150E333-8FDC-42A3-9474-1A3956D46DE8}") = "Libraries", "Libraries", "{DE8DE294-170F-4C45-9393-217F7672A87C}"
EndProject
Project("{9A19103F-16F7-4668-BE54-9A1E7A4F7556}") = "Bitwarden.Core", "Libraries\Bitwarden.Core\Bitwarden.Core.csproj", "{068C9C97-AF14-4C09-9266-6227778F836F}"
EndProject
Project("{9A19103F-16F7-4668-BE54-9A1E7A4F7556}") = "Bitwarden.Utilities", "Libraries\Bitwardent.Utilities\Bitwarden.Utilities.csproj", "{BECC4B46-16DA-4434-A092-D025D4A14F1B}"
EndProject
Project("{B7DD6F7E-DEF8-4E67-B5B7-07EF123DB6F0}") = "Bitwarden.AutoType.Desktop.Setup", "Bitwarden.AutoType\Bitwarden.AutoType.Desktop.Setup\Bitwarden.AutoType.Desktop.Setup.wixproj", "{D82BD9F5-5902-4B0D-A495-3BF871497101}"
EndProject
Project("{9A19103F-16F7-4668-BE54-9A1E7A4F7556}") = "Bitwarden.API.Test", "Bitwarden.AutoType\Bitwarden.API.Test\Bitwarden.API.Test.csproj", "{99B96C4E-987B-450D-9423-C45CCED725C1}"
EndProject
Project("{2150E333-8FDC-42A3-9474-1A3956D46DE8}") = "@docs", "@docs", "{72B19136-09C5-4E4B-9D0C-E569F7AD0708}"
	ProjectSection(SolutionItems) = preProject
		@docs\bitwarden.design.ipynb = @docs\bitwarden.design.ipynb
		Product.md = Product.md
		Standards.md = Standards.md
		Specs.md = Specs.md
		Bitwarden.AutoType\@docs\ToDo.txt = Bitwarden.AutoType\@docs\ToDo.txt
	EndProjectSection
EndProject
Global
	GlobalSection(SolutionConfigurationPlatforms) = preSolution
		Debug|Any CPU = Debug|Any CPU
		Debug|ARM64 = Debug|ARM64
		Debug|x64 = Debug|x64
		Debug|x86 = Debug|x86
		Release|Any CPU = Release|Any CPU
		Release|ARM64 = Release|ARM64
		Release|x64 = Release|x64
		Release|x86 = Release|x86
	EndGlobalSection
	GlobalSection(ProjectConfigurationPlatforms) = postSolution
		{5893ECAF-D377-465F-94D0-B6C006264AB0}.Debug|Any CPU.ActiveCfg = Debug|Any CPU
		{5893ECAF-D377-465F-94D0-B6C006264AB0}.Debug|Any CPU.Build.0 = Debug|Any CPU
		{5893ECAF-D377-465F-94D0-B6C006264AB0}.Debug|ARM64.ActiveCfg = Debug|Any CPU
		{5893ECAF-D377-465F-94D0-B6C006264AB0}.Debug|ARM64.Build.0 = Debug|Any CPU
		{5893ECAF-D377-465F-94D0-B6C006264AB0}.Debug|x64.ActiveCfg = Debug|Any CPU
		{5893ECAF-D377-465F-94D0-B6C006264AB0}.Debug|x64.Build.0 = Debug|Any CPU
		{5893ECAF-D377-465F-94D0-B6C006264AB0}.Debug|x86.ActiveCfg = Debug|Any CPU
		{5893ECAF-D377-465F-94D0-B6C006264AB0}.Debug|x86.Build.0 = Debug|Any CPU
		{5893ECAF-D377-465F-94D0-B6C006264AB0}.Release|Any CPU.ActiveCfg = Release|Any CPU
		{5893ECAF-D377-465F-94D0-B6C006264AB0}.Release|Any CPU.Build.0 = Release|Any CPU
		{5893ECAF-D377-465F-94D0-B6C006264AB0}.Release|ARM64.ActiveCfg = Release|Any CPU
		{5893ECAF-D377-465F-94D0-B6C006264AB0}.Release|ARM64.Build.0 = Release|Any CPU
		{5893ECAF-D377-465F-94D0-B6C006264AB0}.Release|x64.ActiveCfg = Release|Any CPU
		{5893ECAF-D377-465F-94D0-B6C006264AB0}.Release|x64.Build.0 = Release|Any CPU
		{5893ECAF-D377-465F-94D0-B6C006264AB0}.Release|x86.ActiveCfg = Release|Any CPU
		{5893ECAF-D377-465F-94D0-B6C006264AB0}.Release|x86.Build.0 = Release|Any CPU
		{068C9C97-AF14-4C09-9266-6227778F836F}.Debug|Any CPU.ActiveCfg = Debug|Any CPU
		{068C9C97-AF14-4C09-9266-6227778F836F}.Debug|Any CPU.Build.0 = Debug|Any CPU
		{068C9C97-AF14-4C09-9266-6227778F836F}.Debug|ARM64.ActiveCfg = Debug|Any CPU
		{068C9C97-AF14-4C09-9266-6227778F836F}.Debug|ARM64.Build.0 = Debug|Any CPU
		{068C9C97-AF14-4C09-9266-6227778F836F}.Debug|x64.ActiveCfg = Debug|Any CPU
		{068C9C97-AF14-4C09-9266-6227778F836F}.Debug|x64.Build.0 = Debug|Any CPU
		{068C9C97-AF14-4C09-9266-6227778F836F}.Debug|x86.ActiveCfg = Debug|Any CPU
		{068C9C97-AF14-4C09-9266-6227778F836F}.Debug|x86.Build.0 = Debug|Any CPU
		{068C9C97-AF14-4C09-9266-6227778F836F}.Release|Any CPU.ActiveCfg = Release|Any CPU
		{068C9C97-AF14-4C09-9266-6227778F836F}.Release|Any CPU.Build.0 = Release|Any CPU
		{068C9C97-AF14-4C09-9266-6227778F836F}.Release|ARM64.ActiveCfg = Release|Any CPU
		{068C9C97-AF14-4C09-9266-6227778F836F}.Release|ARM64.Build.0 = Release|Any CPU
		{068C9C97-AF14-4C09-9266-6227778F836F}.Release|x64.ActiveCfg = Release|Any CPU
		{068C9C97-AF14-4C09-9266-6227778F836F}.Release|x64.Build.0 = Release|Any CPU
		{068C9C97-AF14-4C09-9266-6227778F836F}.Release|x86.ActiveCfg = Release|Any CPU
		{068C9C97-AF14-4C09-9266-6227778F836F}.Release|x86.Build.0 = Release|Any CPU
		{BECC4B46-16DA-4434-A092-D025D4A14F1B}.Debug|Any CPU.ActiveCfg = Debug|Any CPU
		{BECC4B46-16DA-4434-A092-D025D4A14F1B}.Debug|Any CPU.Build.0 = Debug|Any CPU
		{BECC4B46-16DA-4434-A092-D025D4A14F1B}.Debug|ARM64.ActiveCfg = Debug|Any CPU
		{BECC4B46-16DA-4434-A092-D025D4A14F1B}.Debug|ARM64.Build.0 = Debug|Any CPU
		{BECC4B46-16DA-4434-A092-D025D4A14F1B}.Debug|x64.ActiveCfg = Debug|Any CPU
		{BECC4B46-16DA-4434-A092-D025D4A14F1B}.Debug|x64.Build.0 = Debug|Any CPU
		{BECC4B46-16DA-4434-A092-D025D4A14F1B}.Debug|x86.ActiveCfg = Debug|Any CPU
		{BECC4B46-16DA-4434-A092-D025D4A14F1B}.Debug|x86.Build.0 = Debug|Any CPU
		{BECC4B46-16DA-4434-A092-D025D4A14F1B}.Release|Any CPU.ActiveCfg = Release|Any CPU
		{BECC4B46-16DA-4434-A092-D025D4A14F1B}.Release|Any CPU.Build.0 = Release|Any CPU
		{BECC4B46-16DA-4434-A092-D025D4A14F1B}.Release|ARM64.ActiveCfg = Release|Any CPU
		{BECC4B46-16DA-4434-A092-D025D4A14F1B}.Release|ARM64.Build.0 = Release|Any CPU
		{BECC4B46-16DA-4434-A092-D025D4A14F1B}.Release|x64.ActiveCfg = Release|Any CPU
		{BECC4B46-16DA-4434-A092-D025D4A14F1B}.Release|x64.Build.0 = Release|Any CPU
		{BECC4B46-16DA-4434-A092-D025D4A14F1B}.Release|x86.ActiveCfg = Release|Any CPU
		{BECC4B46-16DA-4434-A092-D025D4A14F1B}.Release|x86.Build.0 = Release|Any CPU
		{D82BD9F5-5902-4B0D-A495-3BF871497101}.Debug|Any CPU.ActiveCfg = Debug|x64
		{D82BD9F5-5902-4B0D-A495-3BF871497101}.Debug|Any CPU.Build.0 = Debug|x64
		{D82BD9F5-5902-4B0D-A495-3BF871497101}.Debug|ARM64.ActiveCfg = Debug|ARM64
		{D82BD9F5-5902-4B0D-A495-3BF871497101}.Debug|ARM64.Build.0 = Debug|ARM64
		{D82BD9F5-5902-4B0D-A495-3BF871497101}.Debug|x64.ActiveCfg = Debug|x64
		{D82BD9F5-5902-4B0D-A495-3BF871497101}.Debug|x64.Build.0 = Debug|x64
		{D82BD9F5-5902-4B0D-A495-3BF871497101}.Debug|x86.ActiveCfg = Debug|x86
		{D82BD9F5-5902-4B0D-A495-3BF871497101}.Debug|x86.Build.0 = Debug|x86
		{D82BD9F5-5902-4B0D-A495-3BF871497101}.Release|Any CPU.ActiveCfg = Release|x64
		{D82BD9F5-5902-4B0D-A495-3BF871497101}.Release|Any CPU.Build.0 = Release|x64
		{D82BD9F5-5902-4B0D-A495-3BF871497101}.Release|ARM64.ActiveCfg = Release|ARM64
		{D82BD9F5-5902-4B0D-A495-3BF871497101}.Release|ARM64.Build.0 = Release|ARM64
		{D82BD9F5-5902-4B0D-A495-3BF871497101}.Release|x64.ActiveCfg = Release|x64
		{D82BD9F5-5902-4B0D-A495-3BF871497101}.Release|x64.Build.0 = Release|x64
		{D82BD9F5-5902-4B0D-A495-3BF871497101}.Release|x86.ActiveCfg = Release|x86
		{D82BD9F5-5902-4B0D-A495-3BF871497101}.Release|x86.Build.0 = Release|x86
		{99B96C4E-987B-450D-9423-C45CCED725C1}.Debug|Any CPU.ActiveCfg = Debug|Any CPU
		{99B96C4E-987B-450D-9423-C45CCED725C1}.Debug|Any CPU.Build.0 = Debug|Any CPU
		{99B96C4E-987B-450D-9423-C45CCED725C1}.Debug|ARM64.ActiveCfg = Debug|Any CPU
		{99B96C4E-987B-450D-9423-C45CCED725C1}.Debug|ARM64.Build.0 = Debug|Any CPU
		{99B96C4E-987B-450D-9423-C45CCED725C1}.Debug|x64.ActiveCfg = Debug|Any CPU
		{99B96C4E-987B-450D-9423-C45CCED725C1}.Debug|x64.Build.0 = Debug|Any CPU
		{99B96C4E-987B-450D-9423-C45CCED725C1}.Debug|x86.ActiveCfg = Debug|Any CPU
		{99B96C4E-987B-450D-9423-C45CCED725C1}.Debug|x86.Build.0 = Debug|Any CPU
		{99B96C4E-987B-450D-9423-C45CCED725C1}.Release|Any CPU.ActiveCfg = Release|Any CPU
		{99B96C4E-987B-450D-9423-C45CCED725C1}.Release|Any CPU.Build.0 = Release|Any CPU
		{99B96C4E-987B-450D-9423-C45CCED725C1}.Release|ARM64.ActiveCfg = Release|Any CPU
		{99B96C4E-987B-450D-9423-C45CCED725C1}.Release|ARM64.Build.0 = Release|Any CPU
		{99B96C4E-987B-450D-9423-C45CCED725C1}.Release|x64.ActiveCfg = Release|Any CPU
		{99B96C4E-987B-450D-9423-C45CCED725C1}.Release|x64.Build.0 = Release|Any CPU
		{99B96C4E-987B-450D-9423-C45CCED725C1}.Release|x86.ActiveCfg = Release|Any CPU
		{99B96C4E-987B-450D-9423-C45CCED725C1}.Release|x86.Build.0 = Release|Any CPU
	EndGlobalSection
	GlobalSection(SolutionProperties) = preSolution
		HideSolutionNode = FALSE
	EndGlobalSection
	GlobalSection(NestedProjects) = preSolution
		{5893ECAF-D377-465F-94D0-B6C006264AB0} = {630CFB41-7629-42E9-A61A-D6F7BDBF4890}
		{068C9C97-AF14-4C09-9266-6227778F836F} = {DE8DE294-170F-4C45-9393-217F7672A87C}
		{BECC4B46-16DA-4434-A092-D025D4A14F1B} = {DE8DE294-170F-4C45-9393-217F7672A87C}
		{D82BD9F5-5902-4B0D-A495-3BF871497101} = {630CFB41-7629-42E9-A61A-D6F7BDBF4890}
		{99B96C4E-987B-450D-9423-C45CCED725C1} = {630CFB41-7629-42E9-A61A-D6F7BDBF4890}
	EndGlobalSection
	GlobalSection(ExtensibilityGlobals) = postSolution
		SolutionGuid = {9D09AF93-878B-4108-BF51-139E36726FA4}
	EndGlobalSection
EndGlobal
